<?xml version="1.0" encoding="utf-8"?>
<Project ToolsVersion="4.0" xmlns="http://schemas.microsoft.com/developer/msbuild/2003">
  <ItemGroup>
    <ClCompile Include="Ad.cpp" />
    <ClCompile Include="SearchSystem.cpp" />
    <ClCompile Include="SystemHouseAgency.cpp" />
    <ClCompile Include="User.cpp" />
    <ClCompile Include="workDB.cpp" />
    <ClCompile Include="Renter.cpp" />
    <ClCompile Include="Owner.cpp" />
    <ClCompile Include="UserView.cpp" />
    <ClCompile Include="SearchSystemView.cpp" />
    <ClCompile Include="RenterView.cpp" />
  </ItemGroup>
  <ItemGroup>
    <ClInclude Include="User.h" />
    <ClInclude Include="Ad.h" />
    <ClInclude Include="SearchSystem.h" />
    <ClInclude Include="workDB.h" />
    <ClInclude Include="Renter.h" />
    <ClInclude Include="Owner.h" />
    <ClInclude Include="UserView.h" />
    <ClInclude Include="SearchSystemView.h" />
    <ClInclude Include="RenterView.h" />
  </ItemGroup>
</Project>